// !$*UTF8*$!
{
	archiveVersion = 1;
	classes = {
	};
	objectVersion = 46;
	objects = {

/* Begin PBXBuildFile section */
		10E2E0181F17355400E352F8 /* main.m in Sources */ = {isa = PBXBuildFile; fileRef = 10E2E0171F17355400E352F8 /* main.m */; };
		10E2E01B1F17355400E352F8 /* AppDelegate.m in Sources */ = {isa = PBXBuildFile; fileRef = 10E2E01A1F17355400E352F8 /* AppDelegate.m */; };
		10E2E01E1F17355400E352F8 /* ViewController.m in Sources */ = {isa = PBXBuildFile; fileRef = 10E2E01D1F17355400E352F8 /* ViewController.m */; };
		10E2E0211F17355400E352F8 /* Main.storyboard in Resources */ = {isa = PBXBuildFile; fileRef = 10E2E01F1F17355400E352F8 /* Main.storyboard */; };
		10E2E0231F17355400E352F8 /* Assets.xcassets in Resources */ = {isa = PBXBuildFile; fileRef = 10E2E0221F17355400E352F8 /* Assets.xcassets */; };
		10E2E0261F17355400E352F8 /* LaunchScreen.storyboard in Resources */ = {isa = PBXBuildFile; fileRef = 10E2E0241F17355400E352F8 /* LaunchScreen.storyboard */; };
		10E2E02F1F17359500E352F8 /* PCHorizontalAdjustableView.m in Sources */ = {isa = PBXBuildFile; fileRef = 10E2E02E1F17359500E352F8 /* PCHorizontalAdjustableView.m */; };
		10E2E0311F1735B700E352F8 /* PCHorizontalAdjustableView.xib in Resources */ = {isa = PBXBuildFile; fileRef = 10E2E0301F1735B700E352F8 /* PCHorizontalAdjustableView.xib */; };
		10E2E0371F17379E00E352F8 /* PCSimpleDescriptionView.m in Sources */ = {isa = PBXBuildFile; fileRef = 10E2E0361F17379E00E352F8 /* PCSimpleDescriptionView.m */; };
		10E2E0391F1737A900E352F8 /* PCSimpleDescriptionView.xib in Resources */ = {isa = PBXBuildFile; fileRef = 10E2E0381F1737A900E352F8 /* PCSimpleDescriptionView.xib */; };
/* End PBXBuildFile section */

/* Begin PBXFileReference section */
		10E2E0131F17355400E352F8 /* TestStackView.app */ = {isa = PBXFileReference; explicitFileType = wrapper.application; includeInIndex = 0; path = TestStackView.app; sourceTree = BUILT_PRODUCTS_DIR; };
		10E2E0171F17355400E352F8 /* main.m */ = {isa = PBXFileReference; lastKnownFileType = sourcecode.c.objc; path = main.m; sourceTree = "<group>"; };
		10E2E0191F17355400E352F8 /* AppDelegate.h */ = {isa = PBXFileReference; lastKnownFileType = sourcecode.c.h; path = AppDelegate.h; sourceTree = "<group>"; };
		10E2E01A1F17355400E352F8 /* AppDelegate.m */ = {isa = PBXFileReference; lastKnownFileType = sourcecode.c.objc; path = AppDelegate.m; sourceTree = "<group>"; };
		10E2E01C1F17355400E352F8 /* ViewController.h */ = {isa = PBXFileReference; lastKnownFileType = sourcecode.c.h; path = ViewController.h; sourceTree = "<group>"; };
		10E2E01D1F17355400E352F8 /* ViewController.m */ = {isa = PBXFileReference; lastKnownFileType = sourcecode.c.objc; path = ViewController.m; sourceTree = "<group>"; };
		10E2E0201F17355400E352F8 /* Base */ = {isa = PBXFileReference; lastKnownFileType = file.storyboard; name = Base; path = Base.lproj/Main.storyboard; sourceTree = "<group>"; };
		10E2E0221F17355400E352F8 /* Assets.xcassets */ = {isa = PBXFileReference; lastKnownFileType = folder.assetcatalog; path = Assets.xcassets; sourceTree = "<group>"; };
		10E2E0251F17355400E352F8 /* Base */ = {isa = PBXFileReference; lastKnownFileType = file.storyboard; name = Base; path = Base.lproj/LaunchScreen.storyboard; sourceTree = "<group>"; };
		10E2E0271F17355400E352F8 /* Info.plist */ = {isa = PBXFileReference; lastKnownFileType = text.plist.xml; path = Info.plist; sourceTree = "<group>"; };
		10E2E02D1F17359500E352F8 /* PCHorizontalAdjustableView.h */ = {isa = PBXFileReference; fileEncoding = 4; lastKnownFileType = sourcecode.c.h; path = PCHorizontalAdjustableView.h; sourceTree = "<group>"; };
		10E2E02E1F17359500E352F8 /* PCHorizontalAdjustableView.m */ = {isa = PBXFileReference; fileEncoding = 4; lastKnownFileType = sourcecode.c.objc; path = PCHorizontalAdjustableView.m; sourceTree = "<group>"; };
		10E2E0301F1735B700E352F8 /* PCHorizontalAdjustableView.xib */ = {isa = PBXFileReference; fileEncoding = 4; lastKnownFileType = file.xib; path = PCHorizontalAdjustableView.xib; sourceTree = "<group>"; };
		10E2E0351F17379E00E352F8 /* PCSimpleDescriptionView.h */ = {isa = PBXFileReference; fileEncoding = 4; lastKnownFileType = sourcecode.c.h; path = PCSimpleDescriptionView.h; sourceTree = "<group>"; };
		10E2E0361F17379E00E352F8 /* PCSimpleDescriptionView.m */ = {isa = PBXFileReference; fileEncoding = 4; lastKnownFileType = sourcecode.c.objc; path = PCSimpleDescriptionView.m; sourceTree = "<group>"; };
		10E2E0381F1737A900E352F8 /* PCSimpleDescriptionView.xib */ = {isa = PBXFileReference; fileEncoding = 4; lastKnownFileType = file.xib; path = PCSimpleDescriptionView.xib; sourceTree = "<group>"; };
/* End PBXFileReference section */

/* Begin PBXFrameworksBuildPhase section */
		10E2E0101F17355400E352F8 /* Frameworks */ = {
			isa = PBXFrameworksBuildPhase;
			buildActionMask = 2147483647;
			files = (
			);
			runOnlyForDeploymentPostprocessing = 0;
		};
/* End PBXFrameworksBuildPhase section */

/* Begin PBXGroup section */
		10E2E00A1F17355400E352F8 = {
			isa = PBXGroup;
			children = (
				10E2E0151F17355400E352F8 /* TestStackView */,
				10E2E0141F17355400E352F8 /* Products */,
			);
			sourceTree = "<group>";
		};
		10E2E0141F17355400E352F8 /* Products */ = {
			isa = PBXGroup;
			children = (
				10E2E0131F17355400E352F8 /* TestStackView.app */,
			);
			name = Products;
			sourceTree = "<group>";
		};
		10E2E0151F17355400E352F8 /* TestStackView */ = {
			isa = PBXGroup;
			children = (
				10E2E0191F17355400E352F8 /* AppDelegate.h */,
				10E2E01A1F17355400E352F8 /* AppDelegate.m */,
				10E2E01C1F17355400E352F8 /* ViewController.h */,
				10E2E01D1F17355400E352F8 /* ViewController.m */,
				10E2E01F1F17355400E352F8 /* Main.storyboard */,
				10E2E0221F17355400E352F8 /* Assets.xcassets */,
				10E2E0241F17355400E352F8 /* LaunchScreen.storyboard */,
				10E2E0271F17355400E352F8 /* Info.plist */,
				10E2E02D1F17359500E352F8 /* PCHorizontalAdjustableView.h */,
				10E2E02E1F17359500E352F8 /* PCHorizontalAdjustableView.m */,
				10E2E0161F17355400E352F8 /* Supporting Files */,
				10E2E0301F1735B700E352F8 /* PCHorizontalAdjustableView.xib */,
				10E2E0351F17379E00E352F8 /* PCSimpleDescriptionView.h */,
				10E2E0361F17379E00E352F8 /* PCSimpleDescriptionView.m */,
				10E2E0381F1737A900E352F8 /* PCSimpleDescriptionView.xib */,
			);
			path = TestStackView;
			sourceTree = "<group>";
		};
		10E2E0161F17355400E352F8 /* Supporting Files */ = {
			isa = PBXGroup;
			children = (
				10E2E0171F17355400E352F8 /* main.m */,
			);
			name = "Supporting Files";
			sourceTree = "<group>";
		};
/* End PBXGroup section */

/* Begin PBXNativeTarget section */
		10E2E0121F17355400E352F8 /* TestStackView */ = {
			isa = PBXNativeTarget;
			buildConfigurationList = 10E2E02A1F17355400E352F8 /* Build configuration list for PBXNativeTarget "TestStackView" */;
			buildPhases = (
				10E2E00F1F17355400E352F8 /* Sources */,
				10E2E0101F17355400E352F8 /* Frameworks */,
				10E2E0111F17355400E352F8 /* Resources */,
			);
			buildRules = (
			);
			dependencies = (
			);
			name = TestStackView;
			productName = TestStackView;
			productReference = 10E2E0131F17355400E352F8 /* TestStackView.app */;
			productType = "com.apple.product-type.application";
		};
/* End PBXNativeTarget section */

/* Begin PBXProject section */
		10E2E00B1F17355400E352F8 /* Project object */ = {
			isa = PBXProject;
			attributes = {
				LastUpgradeCheck = 0830;
				ORGANIZATIONNAME = "Jatin Arora";
				TargetAttributes = {
					10E2E0121F17355400E352F8 = {
						CreatedOnToolsVersion = 8.3.3;
						DevelopmentTeam = UYM8YWQ6RW;
						ProvisioningStyle = Automatic;
					};
				};
			};
			buildConfigurationList = 10E2E00E1F17355400E352F8 /* Build configuration list for PBXProject "TestStackView" */;
			compatibilityVersion = "Xcode 3.2";
			developmentRegion = English;
			hasScannedForEncodings = 0;
			knownRegions = (
				en,
				Base,
			);
			mainGroup = 10E2E00A1F17355400E352F8;
			productRefGroup = 10E2E0141F17355400E352F8 /* Products */;
			projectDirPath = "";
			projectRoot = "";
			targets = (
				10E2E0121F17355400E352F8 /* TestStackView */,
			);
		};
/* End PBXProject section */

/* Begin PBXResourcesBuildPhase section */
		10E2E0111F17355400E352F8 /* Resources */ = {
			isa = PBXResourcesBuildPhase;
			buildActionMask = 2147483647;
			files = (
				10E2E0391F1737A900E352F8 /* PCSimpleDescriptionView.xib in Resources */,
				10E2E0261F17355400E352F8 /* LaunchScreen.storyboard in Resources */,
				10E2E0231F17355400E352F8 /* Assets.xcassets in Resources */,
				10E2E0311F1735B700E352F8 /* PCHorizontalAdjustableView.xib in Resources */,
				10E2E0211F17355400E352F8 /* Main.storyboard in Resources */,
			);
			runOnlyForDeploymentPostprocessing = 0;
		};
/* End PBXResourcesBuildPhase section */

/* Begin PBXSourcesBuildPhase section */
		10E2E00F1F17355400E352F8 /* Sources */ = {
			isa = PBXSourcesBuildPhase;
			buildActionMask = 2147483647;
			files = (
				10E2E01E1F17355400E352F8 /* ViewController.m in Sources */,
				10E2E01B1F17355400E352F8 /* AppDelegate.m in Sources */,
				10E2E02F1F17359500E352F8 /* PCHorizontalAdjustableView.m in Sources */,
				10E2E0371F17379E00E352F8 /* PCSimpleDescriptionView.m in Sources */,
				10E2E0181F17355400E352F8 /* main.m in Sources */,
			);
			runOnlyForDeploymentPostprocessing = 0;
		};
/* End PBXSourcesBuildPhase section */

/* Begin PBXVariantGroup section */
		10E2E01F1F17355400E352F8 /* Main.storyboard */ = {
			isa = PBXVariantGroup;
			children = (
				10E2E0201F17355400E352F8 /* Base */,
			);
			name = Main.storyboard;
			sourceTree = "<group>";
		};
		10E2E0241F17355400E352F8 /* LaunchScreen.storyboard */ = {
			isa = PBXVariantGroup;
			children = (
				10E2E0251F17355400E352F8 /* Base */,
			);
			name = LaunchScreen.storyboard;
			sourceTree = "<group>";
		};
/* End PBXVariantGroup section */

/* Begin XCBuildConfiguration section */
		10E2E0281F17355400E352F8 /* Debug */ = {
			isa = XCBuildConfiguration;
			buildSettings = {
				ALWAYS_SEARCH_USER_PATHS = NO;
				CLANG_ANALYZER_NONNULL = YES;
				CLANG_ANALYZER_NUMBER_OBJECT_CONVERSION = YES_AGGRESSIVE;
				CLANG_CXX_LANGUAGE_STANDARD = "gnu++0x";
				CLANG_CXX_LIBRARY = "libc++";
				CLANG_ENABLE_MODULES = YES;
				CLANG_ENABLE_OBJC_ARC = YES;
				CLANG_WARN_BOOL_CONVERSION = YES;
				CLANG_WARN_CONSTANT_CONVERSION = YES;
				CLANG_WARN_DIRECT_OBJC_ISA_USAGE = YES_ERROR;
				CLANG_WARN_DOCUMENTATION_COMMENTS = YES;
				CLANG_WARN_EMPTY_BODY = YES;
				CLANG_WARN_ENUM_CONVERSION = YES;
				CLANG_WARN_INFINITE_RECURSION = YES;
				CLANG_WARN_INT_CONVERSION = YES;
				CLANG_WARN_OBJC_ROOT_CLASS = YES_ERROR;
				CLANG_WARN_SUSPICIOUS_MOVE = YES;
				CLANG_WARN_UNREACHABLE_CODE = YES;
				CLANG_WARN__DUPLICATE_METHOD_MATCH = YES;
				"CODE_SIGN_IDENTITY[sdk=iphoneos*]" = "iPhone Developer";
				COPY_PHASE_STRIP = NO;
				DEBUG_INFORMATION_FORMAT = dwarf;
				ENABLE_STRICT_OBJC_MSGSEND = YES;
				ENABLE_TESTABILITY = YES;
				GCC_C_LANGUAGE_STANDARD = gnu99;
				GCC_DYNAMIC_NO_PIC = NO;
				GCC_NO_COMMON_BLOCKS = YES;
				GCC_OPTIMIZATION_LEVEL = 0;
				GCC_PREPROCESSOR_DEFINITIONS = (
					"DEBUG=1",
					"$(inherited)",
				);
				GCC_WARN_64_TO_32_BIT_CONVERSION = YES;
				GCC_WARN_ABOUT_RETURN_TYPE = YES_ERROR;
				GCC_WARN_UNDECLARED_SELECTOR = YES;
				GCC_WARN_UNINITIALIZED_AUTOS = YES_AGGRESSIVE;
				GCC_WARN_UNUSED_FUNCTION = YES;
				GCC_WARN_UNUSED_VARIABLE = YES;
				IPHONEOS_DEPLOYMENT_TARGET = 10.3;
				MTL_ENABLE_DEBUG_INFO = YES;
				ONLY_ACTIVE_ARCH = YES;
				SDKROOT = iphoneos;
				TARGETED_DEVICE_FAMILY = "1,2";
			};
			name = Debug;
		};
		10E2E0291F17355400E352F8 /* Release */ = {
			isa = XCBuildConfiguration;
			buildSettings = {
				ALWAYS_SEARCH_USER_PATHS = NO;
				CLANG_ANALYZER_NONNULL = YES;
				CLANG_ANALYZER_NUMBER_OBJECT_CONVERSION = YES_AGGRESSIVE;
				CLANG_CXX_LANGUAGE_STANDARD = "gnu++0x";
				CLANG_CXX_LIBRARY = "libc++";
				CLANG_ENABLE_MODULES = YES;
				CLANG_ENABLE_OBJC_ARC = YES;
				CLANG_WARN_BOOL_CONVERSION = YES;
				CLANG_WARN_CONSTANT_CONVERSION = YES;
				CLANG_WARN_DIRECT_OBJC_ISA_USAGE = YES_ERROR;
				CLANG_WARN_DOCUMENTATION_COMMENTS = YES;
				CLANG_WARN_EMPTY_BODY = YES;
				CLANG_WARN_ENUM_CONVERSION = YES;
				CLANG_WARN_INFINITE_RECURSION = YES;
				CLANG_WARN_INT_CONVERSION = YES;
				CLANG_WARN_OBJC_ROOT_CLASS = YES_ERROR;
				CLANG_WARN_SUSPICIOUS_MOVE = YES;
				CLANG_WARN_UNREACHABLE_CODE = YES;
				CLANG_WARN__DUPLICATE_METHOD_MATCH = YES;
				"CODE_SIGN_IDENTITY[sdk=iphoneos*]" = "iPhone Developer";
				COPY_PHASE_STRIP = NO;
				DEBUG_INFORMATION_FORMAT = "dwarf-with-dsym";
				ENABLE_NS_ASSERTIONS = NO;
				ENABLE_STRICT_OBJC_MSGSEND = YES;
				GCC_C_LANGUAGE_STANDARD = gnu99;
				GCC_NO_COMMON_BLOCKS = YES;
				GCC_WARN_64_TO_32_BIT_CONVERSION = YES;
				GCC_WARN_ABOUT_RETURN_TYPE = YES_ERROR;
				GCC_WARN_UNDECLARED_SELECTOR = YES;
				GCC_WARN_UNINITIALIZED_AUTOS = YES_AGGRESSIVE;
				GCC_WARN_UNUSED_FUNCTION = YES;
				GCC_WARN_UNUSED_VARIABLE = YES;
				IPHONEOS_DEPLOYMENT_TARGET = 10.3;
				MTL_ENABLE_DEBUG_INFO = NO;
				SDKROOT = iphoneos;
				TARGETED_DEVICE_FAMILY = "1,2";
				VALIDATE_PRODUCT = YES;
			};
			name = Release;
		};
		10E2E02B1F17355400E352F8 /* Debug */ = {
			isa = XCBuildConfiguration;
			buildSettings = {
				ASSETCATALOG_COMPILER_APPICON_NAME = AppIcon;
				DEVELOPMENT_TEAM = UYM8YWQ6RW;
				INFOPLIST_FILE = TestStackView/Info.plist;
				LD_RUNPATH_SEARCH_PATHS = "$(inherited) @executable_path/Frameworks";
				PRODUCT_BUNDLE_IDENTIFIER = com.jatinarora.TestStackView;
				PRODUCT_NAME = "$(TARGET_NAME)";
			};
			name = Debug;
		};
		10E2E02C1F17355400E352F8 /* Release */ = {
			isa = XCBuildConfiguration;
			buildSettings = {
				ASSETCATALOG_COMPILER_APPICON_NAME = AppIcon;
				DEVELOPMENT_TEAM = UYM8YWQ6RW;
				INFOPLIST_FILE = TestStackView/Info.plist;
				LD_RUNPATH_SEARCH_PATHS = "$(inherited) @executable_path/Frameworks";
				PRODUCT_BUNDLE_IDENTIFIER = com.jatinarora.TestStackView;
				PRODUCT_NAME = "$(TARGET_NAME)";
			};
			name = Release;
		};
/* End XCBuildConfiguration section */

/* Begin XCConfigurationList section */
		10E2E00E1F17355400E352F8 /* Build configuration list for PBXProject "TestStackView" */ = {
			isa = XCConfigurationList;
			buildConfigurations = (
				10E2E0281F17355400E352F8 /* Debug */,
				10E2E0291F17355400E352F8 /* Release */,
			);
			defaultConfigurationIsVisible = 0;
			defaultConfigurationName = Release;
		};
		10E2E02A1F17355400E352F8 /* Build configuration list for PBXNativeTarget "TestStackView" */ = {
			isa = XCConfigurationList;
			buildConfigurations = (
				10E2E02B1F17355400E352F8 /* Debug */,
				10E2E02C1F17355400E352F8 /* Release */,
			);
			defaultConfigurationIsVisible = 0;
		};
/* End XCConfigurationList section */
	};
	rootObject = 10E2E00B1F17355400E352F8 /* Project object */;
}
